{
  "name": "casemod-spv",
  "lockfileVersion": 3,
  "requires": true,
  "packages": {
    "": {
      "name": "casemod-spv",
      "dependencies": {
        "@bsv/sdk": "^1.1.14",
        "@tempfix/idb": "^8.0.3",
        "events": "^3.3.0",
        "indexeddb": "^0.0.0"
      },
      "devDependencies": {
        "@types/bun": "latest"
      },
      "peerDependencies": {
        "typescript": "^5.0.0"
      }
    },
    "node_modules/@bsv/sdk": {
      "version": "1.1.14",
      "resolved": "https://registry.npmjs.org/@bsv/sdk/-/sdk-1.1.14.tgz",
      "integrity": "sha512-YAf9zUMTtNh+UXuk63fAs7trjA+RH/isjFJr2aSD9Dn5iEyQWfiG5yOLiDS2U6ZNEKJbpuOW1kNNezEloJfQ5w=="
    },
    "node_modules/@tempfix/idb": {
      "version": "8.0.3",
      "resolved": "https://registry.npmjs.org/@tempfix/idb/-/idb-8.0.3.tgz",
      "integrity": "sha512-hPJQKO7+oAIY+pDNImrZ9QAINbz9KmwT+yO4iRVwdPanok2YKpaUxdJzIvCUwY0YgAawlvYdffbLvRLV5hbs2g=="
    },
    "node_modules/@types/bun": {
      "version": "1.1.6",
      "resolved": "https://registry.npmjs.org/@types/bun/-/bun-1.1.6.tgz",
      "integrity": "sha512-uJgKjTdX0GkWEHZzQzFsJkWp5+43ZS7HC8sZPFnOwnSo1AsNl2q9o2bFeS23disNDqbggEgyFkKCHl/w8iZsMA==",
      "dev": true,
      "dependencies": {
        "bun-types": "1.1.17"
      }
    },
    "node_modules/@types/node": {
      "version": "20.12.14",
      "dev": true,
      "license": "MIT",
      "dependencies": {
        "undici-types": "~5.26.4"
      }
    },
    "node_modules/@types/ws": {
      "version": "8.5.12",
      "dev": true,
      "license": "MIT",
      "dependencies": {
        "@types/node": "*"
      }
    },
    "node_modules/bun-types": {
      "version": "1.1.17",
      "dev": true,
      "license": "MIT",
      "dependencies": {
        "@types/node": "~20.12.8",
        "@types/ws": "~8.5.10"
      }
    },
    "node_modules/events": {
      "version": "3.3.0",
      "resolved": "https://registry.npmjs.org/events/-/events-3.3.0.tgz",
      "integrity": "sha512-mQw+2fkQbALzQ7V0MY0IqdnXNOeTtP4r0lN9z7AAawCXgqea7bDii20AYrIBrFd/Hx0M2Ocz6S111CaFkUcb0Q==",
      "engines": {
        "node": ">=0.8.x"
      }
    },
    "node_modules/indexeddb": {
      "version": "0.0.0",
      "resolved": "https://registry.npmjs.org/indexeddb/-/indexeddb-0.0.0.tgz",
      "integrity": "sha512-5tzotmKaxpGEoy7TD4GSjMuAP1b20cs5XgVFLPPp3t8KLDLoemsA1Gi9taowtYT9uyq1+RdWQJ7l6D5WdimHog=="
    },
    "node_modules/typescript": {
      "version": "5.5.4",
      "license": "Apache-2.0",
      "peer": true,
      "bin": {
        "tsc": "bin/tsc",
        "tsserver": "bin/tsserver"
      },
      "engines": {
        "node": ">=14.17"
      }
    },
    "node_modules/undici-types": {
      "version": "5.26.5",
      "dev": true,
      "license": "MIT"
    }
  }
}
